
Microsoft Visual Studio Solution File, Format Version 12.00
# Visual Studio Version 16
VisualStudioVersion = 16.0.29123.88
MinimumVisualStudioVersion = 10.0.40219.1
Project("{FAE04EC0-301F-11D3-BF4B-00C04F79EFBC}") = "TweetMap", "TweetMap\TweetMap.csproj", "{6B3129A1-F54D-44F9-B237-61879D5170CD}"
EndProject
Global
	GlobalSection(SolutionConfigurationPlatforms) = preSolution
		Debug|Any CPU = Debug|Any CPU
		Release|Any CPU = Release|Any CPU
	EndGlobalSection
	GlobalSection(ProjectConfigurationPlatforms) = postSolution
		{6B3129A1-F54D-44F9-B237-61879D5170CD}.Debug|Any CPU.ActiveCfg = Debug|Any CPU
		{6B3129A1-F54D-44F9-B237-61879D5170CD}.Debug|Any CPU.Build.0 = Debug|Any CPU
		{6B3129A1-F54D-44F9-B237-61879D5170CD}.Release|Any CPU.ActiveCfg = Release|Any CPU
		{6B3129A1-F54D-44F9-B237-61879D5170CD}.Release|Any CPU.Build.0 = Release|Any CPU
	EndGlobalSection
	GlobalSection(SolutionProperties) = preSolution
		HideSolutionNode = FALSE
	EndGlobalSection
	GlobalSection(ExtensibilityGlobals) = postSolution
		SolutionGuid = {1DC19D22-ABE5-4840-A9D8-01089077A1F2}
	EndGlobalSection
EndGlobal
